
Microsoft Visual Studio Solution File, Format Version 12.00
# Visual Studio Version 17
VisualStudioVersion = 17.8.34322.80
MinimumVisualStudioVersion = 10.0.40219.1
Project("{FAE04EC0-301F-11D3-BF4B-00C04F79EFBC}") = "CreditCardStatementApi", "CreditCardStatementApi.csproj", "{57B0CD18-280A-4BE2-AD7D-BC0ABB278003}"
EndProject
Global
	GlobalSection(SolutionConfigurationPlatforms) = preSolution
		Debug|Any CPU = Debug|Any CPU
		Release|Any CPU = Release|Any CPU
	EndGlobalSection
	GlobalSection(ProjectConfigurationPlatforms) = postSolution
		{57B0CD18-280A-4BE2-AD7D-BC0ABB278003}.Debug|Any CPU.ActiveCfg = Debug|Any CPU
		{57B0CD18-280A-4BE2-AD7D-BC0ABB278003}.Debug|Any CPU.Build.0 = Debug|Any CPU
		{57B0CD18-280A-4BE2-AD7D-BC0ABB278003}.Release|Any CPU.ActiveCfg = Release|Any CPU
		{57B0CD18-280A-4BE2-AD7D-BC0ABB278003}.Release|Any CPU.Build.0 = Release|Any CPU
	EndGlobalSection
	GlobalSection(SolutionProperties) = preSolution
		HideSolutionNode = FALSE
	EndGlobalSection
	GlobalSection(ExtensibilityGlobals) = postSolution
		SolutionGuid = {2817A658-8A7F-4597-B7C4-BD6C77340E7A}
	EndGlobalSection
EndGlobal
